
Microsoft Visual Studio Solution File, Format Version 12.00
# Visual Studio 15
VisualStudioVersion = 15.0.28307.102
MinimumVisualStudioVersion = 10.0.40219.1
Project("{FAE04EC0-301F-11D3-BF4B-00C04F79EFBC}") = "JS", "JS\JS.csproj", "{2E5E8DDA-45C1-409A-8568-1001F313FF79}"
EndProject
Global
	GlobalSection(SolutionConfigurationPlatforms) = preSolution
		Debug|Any CPU = Debug|Any CPU
		Release|Any CPU = Release|Any CPU
	EndGlobalSection
	GlobalSection(ProjectConfigurationPlatforms) = postSolution
		{2E5E8DDA-45C1-409A-8568-1001F313FF79}.Debug|Any CPU.ActiveCfg = Debug|Any CPU
		{2E5E8DDA-45C1-409A-8568-1001F313FF79}.Debug|Any CPU.Build.0 = Debug|Any CPU
		{2E5E8DDA-45C1-409A-8568-1001F313FF79}.Release|Any CPU.ActiveCfg = Release|Any CPU
		{2E5E8DDA-45C1-409A-8568-1001F313FF79}.Release|Any CPU.Build.0 = Release|Any CPU
	EndGlobalSection
	GlobalSection(SolutionProperties) = preSolution
		HideSolutionNode = FALSE
	EndGlobalSection
	GlobalSection(ExtensibilityGlobals) = postSolution
		SolutionGuid = {F54F6C36-04E1-428B-B57E-1DD2350AB9BD}
	EndGlobalSection
EndGlobal
